
Microsoft Visual Studio Solution File, Format Version 12.00
# Visual Studio Version 16
VisualStudioVersion = 16.0.30503.244
MinimumVisualStudioVersion = 10.0.40219.1
Project("{FAE04EC0-301F-11D3-BF4B-00C04F79EFBC}") = "Online Voting", "Online Voting.csproj", "{F6EBC1FB-0D61-4479-99BE-54180AB58CA7}"
EndProject
Global
	GlobalSection(SolutionConfigurationPlatforms) = preSolution
		Debug|Any CPU = Debug|Any CPU
		Release|Any CPU = Release|Any CPU
	EndGlobalSection
	GlobalSection(ProjectConfigurationPlatforms) = postSolution
		{F6EBC1FB-0D61-4479-99BE-54180AB58CA7}.Debug|Any CPU.ActiveCfg = Debug|Any CPU
		{F6EBC1FB-0D61-4479-99BE-54180AB58CA7}.Debug|Any CPU.Build.0 = Debug|Any CPU
		{F6EBC1FB-0D61-4479-99BE-54180AB58CA7}.Release|Any CPU.ActiveCfg = Release|Any CPU
		{F6EBC1FB-0D61-4479-99BE-54180AB58CA7}.Release|Any CPU.Build.0 = Release|Any CPU
	EndGlobalSection
	GlobalSection(SolutionProperties) = preSolution
		HideSolutionNode = FALSE
	EndGlobalSection
	GlobalSection(ExtensibilityGlobals) = postSolution
		SolutionGuid = {3D637D23-D395-4380-B32F-C71FF37AEE18}
	EndGlobalSection
EndGlobal
